
Microsoft Visual Studio Solution File, Format Version 12.00
# Visual Studio Version 17
VisualStudioVersion = 17.11.35327.3
MinimumVisualStudioVersion = 10.0.40219.1
Project("{2150E333-8FDC-42A3-9474-1A3956D46DE8}") = "src", "src", "{17E488CA-F939-4E69-A95B-D2DB7135F628}"
EndProject
Project("{2150E333-8FDC-42A3-9474-1A3956D46DE8}") = "tests", "tests", "{7946FEE0-BF8C-4702-B5AE-DB8A46094A71}"
	ProjectSection(SolutionItems) = preProject
		src\shared\MyCar.Shared.Abstractions\ValueObjects\EntityId.cs = src\shared\MyCar.Shared.Abstractions\ValueObjects\EntityId.cs
	EndProjectSection
EndProject
Project("{2150E333-8FDC-42A3-9474-1A3956D46DE8}") = "Bootstraper", "Bootstraper", "{FF9EB9FE-4AFE-4B57-951D-5A91C963A7C0}"
EndProject
Project("{2150E333-8FDC-42A3-9474-1A3956D46DE8}") = "Shared", "Shared", "{CAFE2E0A-D48A-43EE-8AC4-7F30F318EFF2}"
EndProject
Project("{2150E333-8FDC-42A3-9474-1A3956D46DE8}") = "Modules", "Modules", "{B8A7B9F1-4E25-4AD6-8E52-3742D17A0D48}"
EndProject
Project("{9A19103F-16F7-4668-BE54-9A1E7A4F7556}") = "MyCar.Shared.Abstractions", "src\shared\MyCar.Shared.Abstractions\MyCar.Shared.Abstractions.csproj", "{3B0959B0-FD4D-4A92-9A50-AFE64080A4C7}"
EndProject
Project("{9A19103F-16F7-4668-BE54-9A1E7A4F7556}") = "MyCar.Shared.Infrastructure", "src\shared\MyCar.Shared.Infrastructure\MyCar.Shared.Infrastructure.csproj", "{E9EDB0F9-98EC-46F2-BC62-90EED8BADE82}"
EndProject
Project("{2150E333-8FDC-42A3-9474-1A3956D46DE8}") = "Employees", "Employees", "{1F0AAC55-C1BE-4F7C-BCCA-0CFFA565484C}"
EndProject
Project("{9A19103F-16F7-4668-BE54-9A1E7A4F7556}") = "MyCar.Employees.Api", "src\modules\Employees\MyCar.Employees.Api\MyCar.Employees.Api.csproj", "{43283CE8-8AEB-4CD6-91DC-7B61D3D7DB47}"
EndProject
Project("{9A19103F-16F7-4668-BE54-9A1E7A4F7556}") = "MyCar.Employees.Core", "src\modules\Employees\MyCar.Employees.Core\MyCar.Employees.Core.csproj", "{7142FAED-7B55-4EBB-9E69-36F87512D559}"
EndProject
Project("{9A19103F-16F7-4668-BE54-9A1E7A4F7556}") = "MyCar.Bootstraper", "src\bootstraper\MyCar.Bootstraper\MyCar.Bootstraper.csproj", "{73F1263B-C98C-47AC-B273-4047286A449F}"
EndProject
Project("{2150E333-8FDC-42A3-9474-1A3956D46DE8}") = "Solution Items", "Solution Items", "{2D57CA65-0A27-41AC-B220-7CA7E3E05CD6}"
	ProjectSection(SolutionItems) = preProject
		docker-compose.yaml = docker-compose.yaml
	EndProjectSection
EndProject
Global
	GlobalSection(SolutionConfigurationPlatforms) = preSolution
		Debug|Any CPU = Debug|Any CPU
		Release|Any CPU = Release|Any CPU
	EndGlobalSection
	GlobalSection(ProjectConfigurationPlatforms) = postSolution
		{3B0959B0-FD4D-4A92-9A50-AFE64080A4C7}.Debug|Any CPU.ActiveCfg = Debug|Any CPU
		{3B0959B0-FD4D-4A92-9A50-AFE64080A4C7}.Debug|Any CPU.Build.0 = Debug|Any CPU
		{3B0959B0-FD4D-4A92-9A50-AFE64080A4C7}.Release|Any CPU.ActiveCfg = Release|Any CPU
		{3B0959B0-FD4D-4A92-9A50-AFE64080A4C7}.Release|Any CPU.Build.0 = Release|Any CPU
		{E9EDB0F9-98EC-46F2-BC62-90EED8BADE82}.Debug|Any CPU.ActiveCfg = Debug|Any CPU
		{E9EDB0F9-98EC-46F2-BC62-90EED8BADE82}.Debug|Any CPU.Build.0 = Debug|Any CPU
		{E9EDB0F9-98EC-46F2-BC62-90EED8BADE82}.Release|Any CPU.ActiveCfg = Release|Any CPU
		{E9EDB0F9-98EC-46F2-BC62-90EED8BADE82}.Release|Any CPU.Build.0 = Release|Any CPU
		{43283CE8-8AEB-4CD6-91DC-7B61D3D7DB47}.Debug|Any CPU.ActiveCfg = Debug|Any CPU
		{43283CE8-8AEB-4CD6-91DC-7B61D3D7DB47}.Debug|Any CPU.Build.0 = Debug|Any CPU
		{43283CE8-8AEB-4CD6-91DC-7B61D3D7DB47}.Release|Any CPU.ActiveCfg = Release|Any CPU
		{43283CE8-8AEB-4CD6-91DC-7B61D3D7DB47}.Release|Any CPU.Build.0 = Release|Any CPU
		{7142FAED-7B55-4EBB-9E69-36F87512D559}.Debug|Any CPU.ActiveCfg = Debug|Any CPU
		{7142FAED-7B55-4EBB-9E69-36F87512D559}.Debug|Any CPU.Build.0 = Debug|Any CPU
		{7142FAED-7B55-4EBB-9E69-36F87512D559}.Release|Any CPU.ActiveCfg = Release|Any CPU
		{7142FAED-7B55-4EBB-9E69-36F87512D559}.Release|Any CPU.Build.0 = Release|Any CPU
		{73F1263B-C98C-47AC-B273-4047286A449F}.Debug|Any CPU.ActiveCfg = Debug|Any CPU
		{73F1263B-C98C-47AC-B273-4047286A449F}.Debug|Any CPU.Build.0 = Debug|Any CPU
		{73F1263B-C98C-47AC-B273-4047286A449F}.Release|Any CPU.ActiveCfg = Release|Any CPU
		{73F1263B-C98C-47AC-B273-4047286A449F}.Release|Any CPU.Build.0 = Release|Any CPU
	EndGlobalSection
	GlobalSection(SolutionProperties) = preSolution
		HideSolutionNode = FALSE
	EndGlobalSection
	GlobalSection(NestedProjects) = preSolution
		{FF9EB9FE-4AFE-4B57-951D-5A91C963A7C0} = {17E488CA-F939-4E69-A95B-D2DB7135F628}
		{CAFE2E0A-D48A-43EE-8AC4-7F30F318EFF2} = {17E488CA-F939-4E69-A95B-D2DB7135F628}
		{B8A7B9F1-4E25-4AD6-8E52-3742D17A0D48} = {17E488CA-F939-4E69-A95B-D2DB7135F628}
		{3B0959B0-FD4D-4A92-9A50-AFE64080A4C7} = {CAFE2E0A-D48A-43EE-8AC4-7F30F318EFF2}
		{E9EDB0F9-98EC-46F2-BC62-90EED8BADE82} = {CAFE2E0A-D48A-43EE-8AC4-7F30F318EFF2}
		{1F0AAC55-C1BE-4F7C-BCCA-0CFFA565484C} = {B8A7B9F1-4E25-4AD6-8E52-3742D17A0D48}
		{43283CE8-8AEB-4CD6-91DC-7B61D3D7DB47} = {1F0AAC55-C1BE-4F7C-BCCA-0CFFA565484C}
		{7142FAED-7B55-4EBB-9E69-36F87512D559} = {1F0AAC55-C1BE-4F7C-BCCA-0CFFA565484C}
		{73F1263B-C98C-47AC-B273-4047286A449F} = {FF9EB9FE-4AFE-4B57-951D-5A91C963A7C0}
	EndGlobalSection
	GlobalSection(ExtensibilityGlobals) = postSolution
		SolutionGuid = {1BF09D59-9778-48BC-9B37-74A570C5541D}
	EndGlobalSection
EndGlobal
